
Microsoft Visual Studio Solution File, Format Version 12.00
# Visual Studio Version 17
VisualStudioVersion = 17.9.34728.123
MinimumVisualStudioVersion = 10.0.40219.1
Project("{FAE04EC0-301F-11D3-BF4B-00C04F79EFBC}") = "RSMFinalProject.Server", "RSMFinalProject.Server\RSMFinalProject.Server.csproj", "{D553229E-FC3E-4E2C-899D-CE94C075AF07}"
EndProject
Project("{54A90642-561A-4BB1-A94E-469ADEE60C69}") = "rsmfinalproject.client", "rsmfinalproject.client\rsmfinalproject.client.esproj", "{769382F0-06C9-4F1A-BEDB-8A0BD429F978}"
EndProject
Global
	GlobalSection(SolutionConfigurationPlatforms) = preSolution
		Debug|Any CPU = Debug|Any CPU
		Release|Any CPU = Release|Any CPU
	EndGlobalSection
	GlobalSection(ProjectConfigurationPlatforms) = postSolution
		{D553229E-FC3E-4E2C-899D-CE94C075AF07}.Debug|Any CPU.ActiveCfg = Debug|Any CPU
		{D553229E-FC3E-4E2C-899D-CE94C075AF07}.Debug|Any CPU.Build.0 = Debug|Any CPU
		{D553229E-FC3E-4E2C-899D-CE94C075AF07}.Release|Any CPU.ActiveCfg = Release|Any CPU
		{D553229E-FC3E-4E2C-899D-CE94C075AF07}.Release|Any CPU.Build.0 = Release|Any CPU
		{769382F0-06C9-4F1A-BEDB-8A0BD429F978}.Debug|Any CPU.ActiveCfg = Debug|Any CPU
		{769382F0-06C9-4F1A-BEDB-8A0BD429F978}.Debug|Any CPU.Build.0 = Debug|Any CPU
		{769382F0-06C9-4F1A-BEDB-8A0BD429F978}.Debug|Any CPU.Deploy.0 = Debug|Any CPU
		{769382F0-06C9-4F1A-BEDB-8A0BD429F978}.Release|Any CPU.ActiveCfg = Release|Any CPU
		{769382F0-06C9-4F1A-BEDB-8A0BD429F978}.Release|Any CPU.Build.0 = Release|Any CPU
		{769382F0-06C9-4F1A-BEDB-8A0BD429F978}.Release|Any CPU.Deploy.0 = Release|Any CPU
	EndGlobalSection
	GlobalSection(SolutionProperties) = preSolution
		HideSolutionNode = FALSE
	EndGlobalSection
	GlobalSection(ExtensibilityGlobals) = postSolution
		SolutionGuid = {500A61E8-10C2-446A-9D47-F960545180EB}
	EndGlobalSection
EndGlobal
